{
  "name": "aesencrypt",
  "version": "1.0.0",
  "lockfileVersion": 1,
  "requires": true,
  "dependencies": {
    "chilkat_node8_win32": {
      "version": "9.50.75",
      "resolved": "https://registry.npmjs.org/chilkat_node8_win32/-/chilkat_node8_win32-9.50.75.tgz",
      "integrity": "sha512-3AXtqJJrwf8wklsgKkQPOFzNz6l+EES9iAzufyZd3UdwNAQzgT3BiyB7m8mcDU/RDXuhcrO9ZQu5RaJhIlfIYA=="
    }
  }
}
